
Microsoft Visual Studio Solution File, Format Version 12.00
# Visual Studio Version 17
VisualStudioVersion = 17.11.35312.102
MinimumVisualStudioVersion = 10.0.40219.1
Project("{FAE04EC0-301F-11D3-BF4B-00C04F79EFBC}") = "MarkdownWorkspaceConverter", "MarkdownWorkspaceConverter\MarkdownWorkspaceConverter.csproj", "{09FBC4FC-7494-4D0D-ADDE-DBEC4BE2CC43}"
EndProject
Global
	GlobalSection(SolutionConfigurationPlatforms) = preSolution
		Debug|Any CPU = Debug|Any CPU
		Release|Any CPU = Release|Any CPU
	EndGlobalSection
	GlobalSection(ProjectConfigurationPlatforms) = postSolution
		{09FBC4FC-7494-4D0D-ADDE-DBEC4BE2CC43}.Debug|Any CPU.ActiveCfg = Debug|Any CPU
		{09FBC4FC-7494-4D0D-ADDE-DBEC4BE2CC43}.Debug|Any CPU.Build.0 = Debug|Any CPU
		{09FBC4FC-7494-4D0D-ADDE-DBEC4BE2CC43}.Release|Any CPU.ActiveCfg = Release|Any CPU
		{09FBC4FC-7494-4D0D-ADDE-DBEC4BE2CC43}.Release|Any CPU.Build.0 = Release|Any CPU
	EndGlobalSection
	GlobalSection(SolutionProperties) = preSolution
		HideSolutionNode = FALSE
	EndGlobalSection
	GlobalSection(ExtensibilityGlobals) = postSolution
		SolutionGuid = {FDC371A7-D6A1-43C5-9757-D2554E971690}
	EndGlobalSection
EndGlobal
